
Microsoft Visual Studio Solution File, Format Version 12.00
# Visual Studio Version 16
VisualStudioVersion = 16.0.32602.291
MinimumVisualStudioVersion = 10.0.40219.1
Project("{FAE04EC0-301F-11D3-BF4B-00C04F79EFBC}") = "1P6622-DamienPelaez", "1P6622-DamienPelaez\1P6622-DamienPelaez.csproj", "{7F4F25F7-6470-4FA9-80E6-9DAF3F346DE4}"
EndProject
Global
	GlobalSection(SolutionConfigurationPlatforms) = preSolution
		Debug|Any CPU = Debug|Any CPU
		Release|Any CPU = Release|Any CPU
	EndGlobalSection
	GlobalSection(ProjectConfigurationPlatforms) = postSolution
		{7F4F25F7-6470-4FA9-80E6-9DAF3F346DE4}.Debug|Any CPU.ActiveCfg = Debug|Any CPU
		{7F4F25F7-6470-4FA9-80E6-9DAF3F346DE4}.Debug|Any CPU.Build.0 = Debug|Any CPU
		{7F4F25F7-6470-4FA9-80E6-9DAF3F346DE4}.Release|Any CPU.ActiveCfg = Release|Any CPU
		{7F4F25F7-6470-4FA9-80E6-9DAF3F346DE4}.Release|Any CPU.Build.0 = Release|Any CPU
	EndGlobalSection
	GlobalSection(SolutionProperties) = preSolution
		HideSolutionNode = FALSE
	EndGlobalSection
	GlobalSection(ExtensibilityGlobals) = postSolution
		SolutionGuid = {7C49B570-4EF8-438B-A678-E15C004D0586}
	EndGlobalSection
EndGlobal
